
Microsoft Visual Studio Solution File, Format Version 12.00
# Visual Studio Version 17
VisualStudioVersion = 17.9.34728.123
MinimumVisualStudioVersion = 10.0.40219.1
Project("{9A19103F-16F7-4668-BE54-9A1E7A4F7556}") = "Kald-IntsiHaldur", "Kald-IntsiHaldur.csproj", "{BDE2068B-D0E4-42BF-8B68-88962C51E4E9}"
EndProject
Project("{FAE04EC0-301F-11D3-BF4B-00C04F79EFBC}") = "Kald-Intsihaldur.Tests", "..\Kald-Intsihaldur.Tests\Kald-Intsihaldur.Tests.csproj", "{C3F1CA00-F7EC-4A90-B8A1-61BF03E5A8D9}"
EndProject
Global
	GlobalSection(SolutionConfigurationPlatforms) = preSolution
		Debug|Any CPU = Debug|Any CPU
		Release|Any CPU = Release|Any CPU
	EndGlobalSection
	GlobalSection(ProjectConfigurationPlatforms) = postSolution
		{BDE2068B-D0E4-42BF-8B68-88962C51E4E9}.Debug|Any CPU.ActiveCfg = Debug|Any CPU
		{BDE2068B-D0E4-42BF-8B68-88962C51E4E9}.Debug|Any CPU.Build.0 = Debug|Any CPU
		{BDE2068B-D0E4-42BF-8B68-88962C51E4E9}.Release|Any CPU.ActiveCfg = Release|Any CPU
		{BDE2068B-D0E4-42BF-8B68-88962C51E4E9}.Release|Any CPU.Build.0 = Release|Any CPU
		{C3F1CA00-F7EC-4A90-B8A1-61BF03E5A8D9}.Debug|Any CPU.ActiveCfg = Debug|Any CPU
		{C3F1CA00-F7EC-4A90-B8A1-61BF03E5A8D9}.Debug|Any CPU.Build.0 = Debug|Any CPU
		{C3F1CA00-F7EC-4A90-B8A1-61BF03E5A8D9}.Release|Any CPU.ActiveCfg = Release|Any CPU
		{C3F1CA00-F7EC-4A90-B8A1-61BF03E5A8D9}.Release|Any CPU.Build.0 = Release|Any CPU
	EndGlobalSection
	GlobalSection(SolutionProperties) = preSolution
		HideSolutionNode = FALSE
	EndGlobalSection
	GlobalSection(ExtensibilityGlobals) = postSolution
		SolutionGuid = {452F60C1-B709-4F09-A125-D2D3E2FB625D}
	EndGlobalSection
EndGlobal
